
Microsoft Visual Studio Solution File, Format Version 12.00
# Visual Studio Version 17
VisualStudioVersion = 17.5.33516.290
MinimumVisualStudioVersion = 10.0.40219.1
Project("{FAE04EC0-301F-11D3-BF4B-00C04F79EFBC}") = "trackr-client-app", "trackr-client-app\trackr-client-app.csproj", "{FC415FFD-71D0-4039-813D-5C774E43D584}"
EndProject
Global
	GlobalSection(SolutionConfigurationPlatforms) = preSolution
		Debug|Any CPU = Debug|Any CPU
		Release|Any CPU = Release|Any CPU
	EndGlobalSection
	GlobalSection(ProjectConfigurationPlatforms) = postSolution
		{FC415FFD-71D0-4039-813D-5C774E43D584}.Debug|Any CPU.ActiveCfg = Debug|Any CPU
		{FC415FFD-71D0-4039-813D-5C774E43D584}.Debug|Any CPU.Build.0 = Debug|Any CPU
		{FC415FFD-71D0-4039-813D-5C774E43D584}.Release|Any CPU.ActiveCfg = Release|Any CPU
		{FC415FFD-71D0-4039-813D-5C774E43D584}.Release|Any CPU.Build.0 = Release|Any CPU
	EndGlobalSection
	GlobalSection(SolutionProperties) = preSolution
		HideSolutionNode = FALSE
	EndGlobalSection
	GlobalSection(ExtensibilityGlobals) = postSolution
		SolutionGuid = {79F7C348-E529-48F4-8DE2-CA0D1699EE93}
	EndGlobalSection
EndGlobal
